// !$*UTF8*$!
{
	archiveVersion = 1;
	classes = {
	};
	objectVersion = 56;
	objects = {

/* Begin PBXBuildFile section */
		911B4FCF29CC5C5500C15CC0 /* ProgressBarModifier.swift in Sources */ = {isa = PBXBuildFile; fileRef = 911B4FCE29CC5C5500C15CC0 /* ProgressBarModifier.swift */; };
		9153DB1C29C9C5B3000B68B6 /* CustomNavigationStack.swift in Sources */ = {isa = PBXBuildFile; fileRef = 9153DB1B29C9C5B3000B68B6 /* CustomNavigationStack.swift */; };
		91ADCFB729CB5BB1004C65D8 /* WeatherViewModel.swift in Sources */ = {isa = PBXBuildFile; fileRef = 91ADCFB629CB5BB1004C65D8 /* WeatherViewModel.swift */; };
		91AE85DB29C64A3300D79BA4 /* ViewExtention.swift in Sources */ = {isa = PBXBuildFile; fileRef = 91AE85DA29C64A3300D79BA4 /* ViewExtention.swift */; };
		91AE85E029C7407600D79BA4 /* CoreServices in Frameworks */ = {isa = PBXBuildFile; productRef = 91AE85DF29C7407600D79BA4 /* CoreServices */; };
		91B6A84A29C5AE3800C4948C /* WeatherForecastApp.swift in Sources */ = {isa = PBXBuildFile; fileRef = 91B6A84929C5AE3800C4948C /* WeatherForecastApp.swift */; };
		91B6A84C29C5AE3800C4948C /* ContentView.swift in Sources */ = {isa = PBXBuildFile; fileRef = 91B6A84B29C5AE3800C4948C /* ContentView.swift */; };
		91B6A84E29C5AE3B00C4948C /* Assets.xcassets in Resources */ = {isa = PBXBuildFile; fileRef = 91B6A84D29C5AE3B00C4948C /* Assets.xcassets */; };
		91B6A85129C5AE3B00C4948C /* Preview Assets.xcassets in Resources */ = {isa = PBXBuildFile; fileRef = 91B6A85029C5AE3B00C4948C /* Preview Assets.xcassets */; };
		91B6A85829C5AF0300C4948C /* WeatherScreen.swift in Sources */ = {isa = PBXBuildFile; fileRef = 91B6A85729C5AF0300C4948C /* WeatherScreen.swift */; };
		91B6A85A29C5B1C400C4948C /* ThirdScreen.swift in Sources */ = {isa = PBXBuildFile; fileRef = 91B6A85929C5B1C400C4948C /* ThirdScreen.swift */; };
		91B6A85C29C5B6D100C4948C /* SecondScreen.swift in Sources */ = {isa = PBXBuildFile; fileRef = 91B6A85B29C5B6D100C4948C /* SecondScreen.swift */; };
		91C0097129CC2B3C00A76F5C /* NewsScreen.swift in Sources */ = {isa = PBXBuildFile; fileRef = 91C0097029CC2B3C00A76F5C /* NewsScreen.swift */; };
		91C0097329CC2B6200A76F5C /* NewsViewModel.swift in Sources */ = {isa = PBXBuildFile; fileRef = 91C0097229CC2B6200A76F5C /* NewsViewModel.swift */; };
		91C0097529CC379C00A76F5C /* CheckIsLast.swift in Sources */ = {isa = PBXBuildFile; fileRef = 91C0097429CC379C00A76F5C /* CheckIsLast.swift */; };
		91D51C6629C9E53D00A58B2F /* Types.swift in Sources */ = {isa = PBXBuildFile; fileRef = 91D51C6529C9E53D00A58B2F /* Types.swift */; };
		91D51C6829C9EA3100A58B2F /* NavigationViewController.swift in Sources */ = {isa = PBXBuildFile; fileRef = 91D51C6729C9EA3100A58B2F /* NavigationViewController.swift */; };
		91D51C6A29C9F1C700A58B2F /* DetailView.swift in Sources */ = {isa = PBXBuildFile; fileRef = 91D51C6929C9F1C700A58B2F /* DetailView.swift */; };
		91D51C6E29C9F41900A58B2F /* TempretureScreen.swift in Sources */ = {isa = PBXBuildFile; fileRef = 91D51C6D29C9F41900A58B2F /* TempretureScreen.swift */; };
/* End PBXBuildFile section */

/* Begin PBXFileReference section */
		911B4FCE29CC5C5500C15CC0 /* ProgressBarModifier.swift */ = {isa = PBXFileReference; lastKnownFileType = sourcecode.swift; path = ProgressBarModifier.swift; sourceTree = "<group>"; };
		9153DB1B29C9C5B3000B68B6 /* CustomNavigationStack.swift */ = {isa = PBXFileReference; lastKnownFileType = sourcecode.swift; path = CustomNavigationStack.swift; sourceTree = "<group>"; };
		91ADCFB629CB5BB1004C65D8 /* WeatherViewModel.swift */ = {isa = PBXFileReference; lastKnownFileType = sourcecode.swift; path = WeatherViewModel.swift; sourceTree = "<group>"; };
		91AE85DA29C64A3300D79BA4 /* ViewExtention.swift */ = {isa = PBXFileReference; lastKnownFileType = sourcecode.swift; path = ViewExtention.swift; sourceTree = "<group>"; };
		91AE85DD29C7406600D79BA4 /* CoreServices */ = {isa = PBXFileReference; lastKnownFileType = wrapper; path = CoreServices; sourceTree = "<group>"; };
		91B6A84629C5AE3800C4948C /* weatherForecast.app */ = {isa = PBXFileReference; explicitFileType = wrapper.application; includeInIndex = 0; path = weatherForecast.app; sourceTree = BUILT_PRODUCTS_DIR; };
		91B6A84929C5AE3800C4948C /* WeatherForecastApp.swift */ = {isa = PBXFileReference; lastKnownFileType = sourcecode.swift; path = WeatherForecastApp.swift; sourceTree = "<group>"; };
		91B6A84B29C5AE3800C4948C /* ContentView.swift */ = {isa = PBXFileReference; lastKnownFileType = sourcecode.swift; path = ContentView.swift; sourceTree = "<group>"; };
		91B6A84D29C5AE3B00C4948C /* Assets.xcassets */ = {isa = PBXFileReference; lastKnownFileType = folder.assetcatalog; path = Assets.xcassets; sourceTree = "<group>"; };
		91B6A85029C5AE3B00C4948C /* Preview Assets.xcassets */ = {isa = PBXFileReference; lastKnownFileType = folder.assetcatalog; path = "Preview Assets.xcassets"; sourceTree = "<group>"; };
		91B6A85729C5AF0300C4948C /* WeatherScreen.swift */ = {isa = PBXFileReference; lastKnownFileType = sourcecode.swift; path = WeatherScreen.swift; sourceTree = "<group>"; };
		91B6A85929C5B1C400C4948C /* ThirdScreen.swift */ = {isa = PBXFileReference; lastKnownFileType = sourcecode.swift; path = ThirdScreen.swift; sourceTree = "<group>"; };
		91B6A85B29C5B6D100C4948C /* SecondScreen.swift */ = {isa = PBXFileReference; lastKnownFileType = sourcecode.swift; path = SecondScreen.swift; sourceTree = "<group>"; };
		91C0097029CC2B3C00A76F5C /* NewsScreen.swift */ = {isa = PBXFileReference; lastKnownFileType = sourcecode.swift; path = NewsScreen.swift; sourceTree = "<group>"; };
		91C0097229CC2B6200A76F5C /* NewsViewModel.swift */ = {isa = PBXFileReference; lastKnownFileType = sourcecode.swift; path = NewsViewModel.swift; sourceTree = "<group>"; };
		91C0097429CC379C00A76F5C /* CheckIsLast.swift */ = {isa = PBXFileReference; lastKnownFileType = sourcecode.swift; path = CheckIsLast.swift; sourceTree = "<group>"; };
		91D51C6529C9E53D00A58B2F /* Types.swift */ = {isa = PBXFileReference; lastKnownFileType = sourcecode.swift; path = Types.swift; sourceTree = "<group>"; };
		91D51C6729C9EA3100A58B2F /* NavigationViewController.swift */ = {isa = PBXFileReference; lastKnownFileType = sourcecode.swift; path = NavigationViewController.swift; sourceTree = "<group>"; };
		91D51C6929C9F1C700A58B2F /* DetailView.swift */ = {isa = PBXFileReference; lastKnownFileType = sourcecode.swift; path = DetailView.swift; sourceTree = "<group>"; };
		91D51C6D29C9F41900A58B2F /* TempretureScreen.swift */ = {isa = PBXFileReference; lastKnownFileType = sourcecode.swift; path = TempretureScreen.swift; sourceTree = "<group>"; };
/* End PBXFileReference section */

/* Begin PBXFrameworksBuildPhase section */
		91B6A84329C5AE3800C4948C /* Frameworks */ = {
			isa = PBXFrameworksBuildPhase;
			buildActionMask = 2147483647;
			files = (
				91AE85E029C7407600D79BA4 /* CoreServices in Frameworks */,
			);
			runOnlyForDeploymentPostprocessing = 0;
		};
/* End PBXFrameworksBuildPhase section */

/* Begin PBXGroup section */
		9153DB1A29C9C584000B68B6 /* NavigationStack */ = {
			isa = PBXGroup;
			children = (
				9153DB1B29C9C5B3000B68B6 /* CustomNavigationStack.swift */,
				91D51C6529C9E53D00A58B2F /* Types.swift */,
				91D51C6729C9EA3100A58B2F /* NavigationViewController.swift */,
			);
			path = NavigationStack;
			sourceTree = "<group>";
		};
		91ADCFB529CB5B7B004C65D8 /* ViewModel */ = {
			isa = PBXGroup;
			children = (
				91ADCFB629CB5BB1004C65D8 /* WeatherViewModel.swift */,
				91C0097229CC2B6200A76F5C /* NewsViewModel.swift */,
			);
			path = ViewModel;
			sourceTree = "<group>";
		};
		91AE85D929C64A1D00D79BA4 /* Extentions */ = {
			isa = PBXGroup;
			children = (
				91AE85DA29C64A3300D79BA4 /* ViewExtention.swift */,
				91C0097429CC379C00A76F5C /* CheckIsLast.swift */,
				911B4FCE29CC5C5500C15CC0 /* ProgressBarModifier.swift */,
			);
			path = Extentions;
			sourceTree = "<group>";
		};
		91AE85DC29C7406600D79BA4 /* Packages */ = {
			isa = PBXGroup;
			children = (
				91AE85DD29C7406600D79BA4 /* CoreServices */,
			);
			name = Packages;
			sourceTree = "<group>";
		};
		91AE85DE29C7407600D79BA4 /* Frameworks */ = {
			isa = PBXGroup;
			children = (
			);
			name = Frameworks;
			sourceTree = "<group>";
		};
		91B6A83D29C5AE3800C4948C = {
			isa = PBXGroup;
			children = (
				91AE85DC29C7406600D79BA4 /* Packages */,
				91B6A84829C5AE3800C4948C /* weatherForecast */,
				91B6A84729C5AE3800C4948C /* Products */,
				91AE85DE29C7407600D79BA4 /* Frameworks */,
			);
			sourceTree = "<group>";
		};
		91B6A84729C5AE3800C4948C /* Products */ = {
			isa = PBXGroup;
			children = (
				91B6A84629C5AE3800C4948C /* weatherForecast.app */,
			);
			name = Products;
			sourceTree = "<group>";
		};
		91B6A84829C5AE3800C4948C /* weatherForecast */ = {
			isa = PBXGroup;
			children = (
				91ADCFB529CB5B7B004C65D8 /* ViewModel */,
				91D51C6B29C9F3E100A58B2F /* Views */,
				9153DB1A29C9C584000B68B6 /* NavigationStack */,
				91AE85D929C64A1D00D79BA4 /* Extentions */,
				91B6A84929C5AE3800C4948C /* WeatherForecastApp.swift */,
				91B6A85B29C5B6D100C4948C /* SecondScreen.swift */,
				91B6A85929C5B1C400C4948C /* ThirdScreen.swift */,
				91B6A84D29C5AE3B00C4948C /* Assets.xcassets */,
				91B6A84F29C5AE3B00C4948C /* Preview Content */,
			);
			path = weatherForecast;
			sourceTree = "<group>";
		};
		91B6A84F29C5AE3B00C4948C /* Preview Content */ = {
			isa = PBXGroup;
			children = (
				91B6A85029C5AE3B00C4948C /* Preview Assets.xcassets */,
			);
			path = "Preview Content";
			sourceTree = "<group>";
		};
		91D51C6B29C9F3E100A58B2F /* Views */ = {
			isa = PBXGroup;
			children = (
				91B6A84B29C5AE3800C4948C /* ContentView.swift */,
				91D51C6C29C9F3F700A58B2F /* Weather */,
				91C0097029CC2B3C00A76F5C /* NewsScreen.swift */,
			);
			path = Views;
			sourceTree = "<group>";
		};
		91D51C6C29C9F3F700A58B2F /* Weather */ = {
			isa = PBXGroup;
			children = (
				91D51C6929C9F1C700A58B2F /* DetailView.swift */,
				91B6A85729C5AF0300C4948C /* WeatherScreen.swift */,
				91D51C6D29C9F41900A58B2F /* TempretureScreen.swift */,
			);
			path = Weather;
			sourceTree = "<group>";
		};
/* End PBXGroup section */

/* Begin PBXNativeTarget section */
		91B6A84529C5AE3800C4948C /* weatherForecast */ = {
			isa = PBXNativeTarget;
			buildConfigurationList = 91B6A85429C5AE3B00C4948C /* Build configuration list for PBXNativeTarget "weatherForecast" */;
			buildPhases = (
				91B6A84229C5AE3800C4948C /* Sources */,
				91B6A84329C5AE3800C4948C /* Frameworks */,
				91B6A84429C5AE3800C4948C /* Resources */,
			);
			buildRules = (
			);
			dependencies = (
			);
			name = weatherForecast;
			packageProductDependencies = (
				91AE85DF29C7407600D79BA4 /* CoreServices */,
			);
			productName = weatherForecast;
			productReference = 91B6A84629C5AE3800C4948C /* weatherForecast.app */;
			productType = "com.apple.product-type.application";
		};
/* End PBXNativeTarget section */

/* Begin PBXProject section */
		91B6A83E29C5AE3800C4948C /* Project object */ = {
			isa = PBXProject;
			attributes = {
				BuildIndependentTargetsInParallel = 1;
				LastSwiftUpdateCheck = 1420;
				LastUpgradeCheck = 1420;
				TargetAttributes = {
					91B6A84529C5AE3800C4948C = {
						CreatedOnToolsVersion = 14.2;
					};
				};
			};
			buildConfigurationList = 91B6A84129C5AE3800C4948C /* Build configuration list for PBXProject "weatherForecast" */;
			compatibilityVersion = "Xcode 14.0";
			developmentRegion = en;
			hasScannedForEncodings = 0;
			knownRegions = (
				en,
				Base,
			);
			mainGroup = 91B6A83D29C5AE3800C4948C;
			productRefGroup = 91B6A84729C5AE3800C4948C /* Products */;
			projectDirPath = "";
			projectRoot = "";
			targets = (
				91B6A84529C5AE3800C4948C /* weatherForecast */,
			);
		};
/* End PBXProject section */

/* Begin PBXResourcesBuildPhase section */
		91B6A84429C5AE3800C4948C /* Resources */ = {
			isa = PBXResourcesBuildPhase;
			buildActionMask = 2147483647;
			files = (
				91B6A85129C5AE3B00C4948C /* Preview Assets.xcassets in Resources */,
				91B6A84E29C5AE3B00C4948C /* Assets.xcassets in Resources */,
			);
			runOnlyForDeploymentPostprocessing = 0;
		};
/* End PBXResourcesBuildPhase section */

/* Begin PBXSourcesBuildPhase section */
		91B6A84229C5AE3800C4948C /* Sources */ = {
			isa = PBXSourcesBuildPhase;
			buildActionMask = 2147483647;
			files = (
				91B6A85829C5AF0300C4948C /* WeatherScreen.swift in Sources */,
				91ADCFB729CB5BB1004C65D8 /* WeatherViewModel.swift in Sources */,
				91B6A84C29C5AE3800C4948C /* ContentView.swift in Sources */,
				91B6A84A29C5AE3800C4948C /* WeatherForecastApp.swift in Sources */,
				91D51C6A29C9F1C700A58B2F /* DetailView.swift in Sources */,
				91D51C6829C9EA3100A58B2F /* NavigationViewController.swift in Sources */,
				91D51C6629C9E53D00A58B2F /* Types.swift in Sources */,
				91C0097129CC2B3C00A76F5C /* NewsScreen.swift in Sources */,
				91AE85DB29C64A3300D79BA4 /* ViewExtention.swift in Sources */,
				91B6A85A29C5B1C400C4948C /* ThirdScreen.swift in Sources */,
				91B6A85C29C5B6D100C4948C /* SecondScreen.swift in Sources */,
				91C0097529CC379C00A76F5C /* CheckIsLast.swift in Sources */,
				91C0097329CC2B6200A76F5C /* NewsViewModel.swift in Sources */,
				911B4FCF29CC5C5500C15CC0 /* ProgressBarModifier.swift in Sources */,
				9153DB1C29C9C5B3000B68B6 /* CustomNavigationStack.swift in Sources */,
				91D51C6E29C9F41900A58B2F /* TempretureScreen.swift in Sources */,
			);
			runOnlyForDeploymentPostprocessing = 0;
		};
/* End PBXSourcesBuildPhase section */

/* Begin XCBuildConfiguration section */
		91B6A85229C5AE3B00C4948C /* Debug */ = {
			isa = XCBuildConfiguration;
			buildSettings = {
				ALWAYS_SEARCH_USER_PATHS = NO;
				CLANG_ANALYZER_NONNULL = YES;
				CLANG_ANALYZER_NUMBER_OBJECT_CONVERSION = YES_AGGRESSIVE;
				CLANG_CXX_LANGUAGE_STANDARD = "gnu++20";
				CLANG_ENABLE_MODULES = YES;
				CLANG_ENABLE_OBJC_ARC = YES;
				CLANG_ENABLE_OBJC_WEAK = YES;
				CLANG_WARN_BLOCK_CAPTURE_AUTORELEASING = YES;
				CLANG_WARN_BOOL_CONVERSION = YES;
				CLANG_WARN_COMMA = YES;
				CLANG_WARN_CONSTANT_CONVERSION = YES;
				CLANG_WARN_DEPRECATED_OBJC_IMPLEMENTATIONS = YES;
				CLANG_WARN_DIRECT_OBJC_ISA_USAGE = YES_ERROR;
				CLANG_WARN_DOCUMENTATION_COMMENTS = YES;
				CLANG_WARN_EMPTY_BODY = YES;
				CLANG_WARN_ENUM_CONVERSION = YES;
				CLANG_WARN_INFINITE_RECURSION = YES;
				CLANG_WARN_INT_CONVERSION = YES;
				CLANG_WARN_NON_LITERAL_NULL_CONVERSION = YES;
				CLANG_WARN_OBJC_IMPLICIT_RETAIN_SELF = YES;
				CLANG_WARN_OBJC_LITERAL_CONVERSION = YES;
				CLANG_WARN_OBJC_ROOT_CLASS = YES_ERROR;
				CLANG_WARN_QUOTED_INCLUDE_IN_FRAMEWORK_HEADER = YES;
				CLANG_WARN_RANGE_LOOP_ANALYSIS = YES;
				CLANG_WARN_STRICT_PROTOTYPES = YES;
				CLANG_WARN_SUSPICIOUS_MOVE = YES;
				CLANG_WARN_UNGUARDED_AVAILABILITY = YES_AGGRESSIVE;
				CLANG_WARN_UNREACHABLE_CODE = YES;
				CLANG_WARN__DUPLICATE_METHOD_MATCH = YES;
				COPY_PHASE_STRIP = NO;
				DEBUG_INFORMATION_FORMAT = dwarf;
				ENABLE_STRICT_OBJC_MSGSEND = YES;
				ENABLE_TESTABILITY = YES;
				GCC_C_LANGUAGE_STANDARD = gnu11;
				GCC_DYNAMIC_NO_PIC = NO;
				GCC_NO_COMMON_BLOCKS = YES;
				GCC_OPTIMIZATION_LEVEL = 0;
				GCC_PREPROCESSOR_DEFINITIONS = (
					"DEBUG=1",
					"$(inherited)",
				);
				GCC_WARN_64_TO_32_BIT_CONVERSION = YES;
				GCC_WARN_ABOUT_RETURN_TYPE = YES_ERROR;
				GCC_WARN_UNDECLARED_SELECTOR = YES;
				GCC_WARN_UNINITIALIZED_AUTOS = YES_AGGRESSIVE;
				GCC_WARN_UNUSED_FUNCTION = YES;
				GCC_WARN_UNUSED_VARIABLE = YES;
				IPHONEOS_DEPLOYMENT_TARGET = 14.0;
				MTL_ENABLE_DEBUG_INFO = INCLUDE_SOURCE;
				MTL_FAST_MATH = YES;
				ONLY_ACTIVE_ARCH = YES;
				SDKROOT = iphoneos;
				SWIFT_ACTIVE_COMPILATION_CONDITIONS = DEBUG;
				SWIFT_OPTIMIZATION_LEVEL = "-Onone";
			};
			name = Debug;
		};
		91B6A85329C5AE3B00C4948C /* Release */ = {
			isa = XCBuildConfiguration;
			buildSettings = {
				ALWAYS_SEARCH_USER_PATHS = NO;
				CLANG_ANALYZER_NONNULL = YES;
				CLANG_ANALYZER_NUMBER_OBJECT_CONVERSION = YES_AGGRESSIVE;
				CLANG_CXX_LANGUAGE_STANDARD = "gnu++20";
				CLANG_ENABLE_MODULES = YES;
				CLANG_ENABLE_OBJC_ARC = YES;
				CLANG_ENABLE_OBJC_WEAK = YES;
				CLANG_WARN_BLOCK_CAPTURE_AUTORELEASING = YES;
				CLANG_WARN_BOOL_CONVERSION = YES;
				CLANG_WARN_COMMA = YES;
				CLANG_WARN_CONSTANT_CONVERSION = YES;
				CLANG_WARN_DEPRECATED_OBJC_IMPLEMENTATIONS = YES;
				CLANG_WARN_DIRECT_OBJC_ISA_USAGE = YES_ERROR;
				CLANG_WARN_DOCUMENTATION_COMMENTS = YES;
				CLANG_WARN_EMPTY_BODY = YES;
				CLANG_WARN_ENUM_CONVERSION = YES;
				CLANG_WARN_INFINITE_RECURSION = YES;
				CLANG_WARN_INT_CONVERSION = YES;
				CLANG_WARN_NON_LITERAL_NULL_CONVERSION = YES;
				CLANG_WARN_OBJC_IMPLICIT_RETAIN_SELF = YES;
				CLANG_WARN_OBJC_LITERAL_CONVERSION = YES;
				CLANG_WARN_OBJC_ROOT_CLASS = YES_ERROR;
				CLANG_WARN_QUOTED_INCLUDE_IN_FRAMEWORK_HEADER = YES;
				CLANG_WARN_RANGE_LOOP_ANALYSIS = YES;
				CLANG_WARN_STRICT_PROTOTYPES = YES;
				CLANG_WARN_SUSPICIOUS_MOVE = YES;
				CLANG_WARN_UNGUARDED_AVAILABILITY = YES_AGGRESSIVE;
				CLANG_WARN_UNREACHABLE_CODE = YES;
				CLANG_WARN__DUPLICATE_METHOD_MATCH = YES;
				COPY_PHASE_STRIP = NO;
				DEBUG_INFORMATION_FORMAT = "dwarf-with-dsym";
				ENABLE_NS_ASSERTIONS = NO;
				ENABLE_STRICT_OBJC_MSGSEND = YES;
				GCC_C_LANGUAGE_STANDARD = gnu11;
				GCC_NO_COMMON_BLOCKS = YES;
				GCC_WARN_64_TO_32_BIT_CONVERSION = YES;
				GCC_WARN_ABOUT_RETURN_TYPE = YES_ERROR;
				GCC_WARN_UNDECLARED_SELECTOR = YES;
				GCC_WARN_UNINITIALIZED_AUTOS = YES_AGGRESSIVE;
				GCC_WARN_UNUSED_FUNCTION = YES;
				GCC_WARN_UNUSED_VARIABLE = YES;
				IPHONEOS_DEPLOYMENT_TARGET = 14.0;
				MTL_ENABLE_DEBUG_INFO = NO;
				MTL_FAST_MATH = YES;
				SDKROOT = iphoneos;
				SWIFT_COMPILATION_MODE = wholemodule;
				SWIFT_OPTIMIZATION_LEVEL = "-O";
				VALIDATE_PRODUCT = YES;
			};
			name = Release;
		};
		91B6A85529C5AE3B00C4948C /* Debug */ = {
			isa = XCBuildConfiguration;
			buildSettings = {
				ASSETCATALOG_COMPILER_APPICON_NAME = AppIcon;
				ASSETCATALOG_COMPILER_GLOBAL_ACCENT_COLOR_NAME = AccentColor;
				CODE_SIGN_STYLE = Automatic;
				CURRENT_PROJECT_VERSION = 1;
				DEVELOPMENT_ASSET_PATHS = "\"weatherForecast/Preview Content\"";
				DEVELOPMENT_TEAM = G2CX2FAAM8;
				ENABLE_PREVIEWS = YES;
				GENERATE_INFOPLIST_FILE = YES;
				INFOPLIST_KEY_UIApplicationSceneManifest_Generation = YES;
				INFOPLIST_KEY_UIApplicationSupportsIndirectInputEvents = YES;
				INFOPLIST_KEY_UILaunchScreen_Generation = YES;
				INFOPLIST_KEY_UISupportedInterfaceOrientations_iPad = "UIInterfaceOrientationPortrait UIInterfaceOrientationPortraitUpsideDown UIInterfaceOrientationLandscapeLeft UIInterfaceOrientationLandscapeRight";
				INFOPLIST_KEY_UISupportedInterfaceOrientations_iPhone = "UIInterfaceOrientationPortrait UIInterfaceOrientationLandscapeLeft UIInterfaceOrientationLandscapeRight";
				LD_RUNPATH_SEARCH_PATHS = (
					"$(inherited)",
					"@executable_path/Frameworks",
				);
				MARKETING_VERSION = 1.0;
				PRODUCT_BUNDLE_IDENTIFIER = KekInc.weatherForecast;
				PRODUCT_NAME = "$(TARGET_NAME)";
				SWIFT_EMIT_LOC_STRINGS = YES;
				SWIFT_VERSION = 5.0;
				TARGETED_DEVICE_FAMILY = 1;
			};
			name = Debug;
		};
		91B6A85629C5AE3B00C4948C /* Release */ = {
			isa = XCBuildConfiguration;
			buildSettings = {
				ASSETCATALOG_COMPILER_APPICON_NAME = AppIcon;
				ASSETCATALOG_COMPILER_GLOBAL_ACCENT_COLOR_NAME = AccentColor;
				CODE_SIGN_STYLE = Automatic;
				CURRENT_PROJECT_VERSION = 1;
				DEVELOPMENT_ASSET_PATHS = "\"weatherForecast/Preview Content\"";
				DEVELOPMENT_TEAM = G2CX2FAAM8;
				ENABLE_PREVIEWS = YES;
				GENERATE_INFOPLIST_FILE = YES;
				INFOPLIST_KEY_UIApplicationSceneManifest_Generation = YES;
				INFOPLIST_KEY_UIApplicationSupportsIndirectInputEvents = YES;
				INFOPLIST_KEY_UILaunchScreen_Generation = YES;
				INFOPLIST_KEY_UISupportedInterfaceOrientations_iPad = "UIInterfaceOrientationPortrait UIInterfaceOrientationPortraitUpsideDown UIInterfaceOrientationLandscapeLeft UIInterfaceOrientationLandscapeRight";
				INFOPLIST_KEY_UISupportedInterfaceOrientations_iPhone = "UIInterfaceOrientationPortrait UIInterfaceOrientationLandscapeLeft UIInterfaceOrientationLandscapeRight";
				LD_RUNPATH_SEARCH_PATHS = (
					"$(inherited)",
					"@executable_path/Frameworks",
				);
				MARKETING_VERSION = 1.0;
				PRODUCT_BUNDLE_IDENTIFIER = KekInc.weatherForecast;
				PRODUCT_NAME = "$(TARGET_NAME)";
				SWIFT_EMIT_LOC_STRINGS = YES;
				SWIFT_VERSION = 5.0;
				TARGETED_DEVICE_FAMILY = 1;
			};
			name = Release;
		};
/* End XCBuildConfiguration section */

/* Begin XCConfigurationList section */
		91B6A84129C5AE3800C4948C /* Build configuration list for PBXProject "weatherForecast" */ = {
			isa = XCConfigurationList;
			buildConfigurations = (
				91B6A85229C5AE3B00C4948C /* Debug */,
				91B6A85329C5AE3B00C4948C /* Release */,
			);
			defaultConfigurationIsVisible = 0;
			defaultConfigurationName = Release;
		};
		91B6A85429C5AE3B00C4948C /* Build configuration list for PBXNativeTarget "weatherForecast" */ = {
			isa = XCConfigurationList;
			buildConfigurations = (
				91B6A85529C5AE3B00C4948C /* Debug */,
				91B6A85629C5AE3B00C4948C /* Release */,
			);
			defaultConfigurationIsVisible = 0;
			defaultConfigurationName = Release;
		};
/* End XCConfigurationList section */

/* Begin XCSwiftPackageProductDependency section */
		91AE85DF29C7407600D79BA4 /* CoreServices */ = {
			isa = XCSwiftPackageProductDependency;
			productName = CoreServices;
		};
/* End XCSwiftPackageProductDependency section */
	};
	rootObject = 91B6A83E29C5AE3800C4948C /* Project object */;
}
